
Microsoft Visual Studio Solution File, Format Version 12.00
# Visual Studio Version 17
VisualStudioVersion = 17.6.33829.357
MinimumVisualStudioVersion = 10.0.40219.1
Project("{FAE04EC0-301F-11D3-BF4B-00C04F79EFBC}") = "SummonerNotes", "SummonerNotes.csproj", "{AEC2AFDD-83A8-4862-AA3F-BCAAD83B2747}"
EndProject
Global
	GlobalSection(SolutionConfigurationPlatforms) = preSolution
		Debug|Any CPU = Debug|Any CPU
		Release|Any CPU = Release|Any CPU
	EndGlobalSection
	GlobalSection(ProjectConfigurationPlatforms) = postSolution
		{AEC2AFDD-83A8-4862-AA3F-BCAAD83B2747}.Debug|Any CPU.ActiveCfg = Debug|Any CPU
		{AEC2AFDD-83A8-4862-AA3F-BCAAD83B2747}.Debug|Any CPU.Build.0 = Debug|Any CPU
		{AEC2AFDD-83A8-4862-AA3F-BCAAD83B2747}.Release|Any CPU.ActiveCfg = Release|Any CPU
		{AEC2AFDD-83A8-4862-AA3F-BCAAD83B2747}.Release|Any CPU.Build.0 = Release|Any CPU
	EndGlobalSection
	GlobalSection(SolutionProperties) = preSolution
		HideSolutionNode = FALSE
	EndGlobalSection
	GlobalSection(ExtensibilityGlobals) = postSolution
		SolutionGuid = {03CC04C8-B604-442E-B336-EE6999978CE2}
	EndGlobalSection
EndGlobal
